<?xml version="1.0" encoding="utf-8"?>
<Project ToolsVersion="4.0" xmlns="http://schemas.microsoft.com/developer/msbuild/2003">
  <ItemGroup>
    <Filter Include="源文件">
      <UniqueIdentifier>{4FC737F1-C7A5-4376-A066-2A32D752A2FF}</UniqueIdentifier>
      <Extensions>cpp;c;cc;cxx;def;odl;idl;hpj;bat;asm;asmx</Extensions>
    </Filter>
    <Filter Include="头文件">
      <UniqueIdentifier>{93995380-89BD-4b04-88EB-625FBE52EBFB}</UniqueIdentifier>
      <Extensions>h;hh;hpp;hxx;hm;inl;inc;ipp;xsd</Extensions>
    </Filter>
    <Filter Include="资源文件">
      <UniqueIdentifier>{67DA6AB6-F800-4c08-8B7A-83BB121AAD01}</UniqueIdentifier>
      <Extensions>rc;ico;cur;bmp;dlg;rc2;rct;bin;rgs;gif;jpg;jpeg;jpe;resx;tiff;tif;png;wav;mfcribbon-ms</Extensions>
    </Filter>
    <Filter Include="源文件\math">
      <UniqueIdentifier>{89268016-6e6c-4d15-8f94-e4049b674914}</UniqueIdentifier>
    </Filter>
    <Filter Include="源文件\paint">
      <UniqueIdentifier>{0fd85468-7920-472b-9089-8fe616868fa0}</UniqueIdentifier>
    </Filter>
    <Filter Include="源文件\app">
      <UniqueIdentifier>{5e96d39a-ac38-4afc-b8ce-e49cbb53430b}</UniqueIdentifier>
    </Filter>
  </ItemGroup>
  <ItemGroup>
    <ClCompile Include="main.cpp">
      <Filter>源文件</Filter>
    </ClCompile>
    <ClCompile Include="paint\Canvas.cpp">
      <Filter>源文件\paint</Filter>
    </ClCompile>
    <ClCompile Include="paint\Color.cpp">
      <Filter>源文件\paint</Filter>
    </ClCompile>
    <ClCompile Include="paint\Vertex.cpp">
      <Filter>源文件\paint</Filter>
    </ClCompile>
    <ClCompile Include="app\CApp.cpp">
      <Filter>源文件\app</Filter>
    </ClCompile>
    <ClCompile Include="math\Mat4.cpp">
      <Filter>源文件\math</Filter>
    </ClCompile>
    <ClCompile Include="math\Vec.cpp">
      <Filter>源文件\math</Filter>
    </ClCompile>
  </ItemGroup>
  <ItemGroup>
    <ClInclude Include="paint\Canvas.h">
      <Filter>源文件\paint</Filter>
    </ClInclude>
    <ClInclude Include="paint\Color.h">
      <Filter>源文件\paint</Filter>
    </ClInclude>
    <ClInclude Include="paint\Vertex.h">
      <Filter>源文件\paint</Filter>
    </ClInclude>
    <ClInclude Include="app\CApp.h">
      <Filter>源文件\app</Filter>
    </ClInclude>
    <ClInclude Include="app\Macro.h">
      <Filter>源文件\app</Filter>
    </ClInclude>
    <ClInclude Include="math\Mat4.h">
      <Filter>源文件\math</Filter>
    </ClInclude>
    <ClInclude Include="math\MathTool.h">
      <Filter>源文件\math</Filter>
    </ClInclude>
    <ClInclude Include="math\Vec.h">
      <Filter>源文件\math</Filter>
    </ClInclude>
  </ItemGroup>
</Project>